
Microsoft Visual Studio Solution File, Format Version 12.00
# Visual Studio Version 18
VisualStudioVersion = 18.6.11723.189
MinimumVisualStudioVersion = 10.0.40219.1
Project("{FAE04EC0-301F-11D3-BF4B-00C04F79EFBC}") = "AppEscala", "AppEscala\AppEscala.csproj", "{5DE8A849-06CE-4B8D-9358-A50C1765B214}"
EndProject
Project("{54435603-DBB4-11D2-8724-00A0C9A8B90C}") = "AppEscala.Setup", "AppEscala.Setup\AppEscala.Setup.vdproj", "{A3A9BF7E-66DC-E79F-1F91-E0AF5F1B03AD}"
EndProject
Global
	GlobalSection(SolutionConfigurationPlatforms) = preSolution
		Debug|Any CPU = Debug|Any CPU
		Release|Any CPU = Release|Any CPU
	EndGlobalSection
	GlobalSection(ProjectConfigurationPlatforms) = postSolution
		{5DE8A849-06CE-4B8D-9358-A50C1765B214}.Debug|Any CPU.ActiveCfg = Debug|Any CPU
		{5DE8A849-06CE-4B8D-9358-A50C1765B214}.Debug|Any CPU.Build.0 = Debug|Any CPU
		{5DE8A849-06CE-4B8D-9358-A50C1765B214}.Release|Any CPU.ActiveCfg = Release|Any CPU
		{5DE8A849-06CE-4B8D-9358-A50C1765B214}.Release|Any CPU.Build.0 = Release|Any CPU
		{A3A9BF7E-66DC-E79F-1F91-E0AF5F1B03AD}.Debug|Any CPU.ActiveCfg = Debug
		{A3A9BF7E-66DC-E79F-1F91-E0AF5F1B03AD}.Release|Any CPU.ActiveCfg = Release
	EndGlobalSection
	GlobalSection(SolutionProperties) = preSolution
		HideSolutionNode = FALSE
	EndGlobalSection
	GlobalSection(ExtensibilityGlobals) = postSolution
		SolutionGuid = {1DA5D929-E0DE-4950-9F55-F9765C25FAFC}
	EndGlobalSection
EndGlobal
